version = 1
revision = 2
requires-python = ">=3.12"

[[package]]
name = "greenlet"
version = "3.2.2"
source = { registry = "https://pypi.org/simple" }
sdist = { url = "https://files.pythonhosted.org/packages/34/c1/a82edae11d46c0d83481aacaa1e578fea21d94a1ef400afd734d47ad95ad/greenlet-3.2.2.tar.gz", hash = "sha256:ad053d34421a2debba45aa3cc39acf454acbcd025b3fc1a9f8a0dee237abd485", size = 185797, upload-time = "2025-05-09T19:47:35.066Z" }
wheels = [
    { url = "https://files.pythonhosted.org/packages/2c/a1/88fdc6ce0df6ad361a30ed78d24c86ea32acb2b563f33e39e927b1da9ea0/greenlet-3.2.2-cp312-cp312-macosx_11_0_universal2.whl", hash = "sha256:df4d1509efd4977e6a844ac96d8be0b9e5aa5d5c77aa27ca9f4d3f92d3fcf330", size = 270413, upload-time = "2025-05-09T14:51:32.455Z" },
    { url = "https://files.pythonhosted.org/packages/a6/2e/6c1caffd65490c68cd9bcec8cb7feb8ac7b27d38ba1fea121fdc1f2331dc/greenlet-3.2.2-cp312-cp312-manylinux_2_17_aarch64.manylinux2014_aarch64.whl", hash = "sha256:da956d534a6d1b9841f95ad0f18ace637668f680b1339ca4dcfb2c1837880a0b", size = 637242, upload-time = "2025-05-09T15:24:02.63Z" },
    { url = "https://files.pythonhosted.org/packages/98/28/088af2cedf8823b6b7ab029a5626302af4ca1037cf8b998bed3a8d3cb9e2/greenlet-3.2.2-cp312-cp312-manylinux_2_17_ppc64le.manylinux2014_ppc64le.whl", hash = "sha256:9c7b15fb9b88d9ee07e076f5a683027bc3befd5bb5d25954bb633c385d8b737e", size = 651444, upload-time = "2025-05-09T15:24:49.856Z" },
    { url = "https://files.pythonhosted.org/packages/4a/9f/0116ab876bb0bc7a81eadc21c3f02cd6100dcd25a1cf2a085a130a63a26a/greenlet-3.2.2-cp312-cp312-manylinux_2_17_s390x.manylinux2014_s390x.whl", hash = "sha256:752f0e79785e11180ebd2e726c8a88109ded3e2301d40abced2543aa5d164275", size = 646067, upload-time = "2025-05-09T15:29:24.989Z" },
    { url = "https://files.pythonhosted.org/packages/35/17/bb8f9c9580e28a94a9575da847c257953d5eb6e39ca888239183320c1c28/greenlet-3.2.2-cp312-cp312-manylinux_2_17_x86_64.manylinux2014_x86_64.whl", hash = "sha256:9ae572c996ae4b5e122331e12bbb971ea49c08cc7c232d1bd43150800a2d6c65", size = 648153, upload-time = "2025-05-09T14:53:34.716Z" },
    { url = "https://files.pythonhosted.org/packages/2c/ee/7f31b6f7021b8df6f7203b53b9cc741b939a2591dcc6d899d8042fcf66f2/greenlet-3.2.2-cp312-cp312-manylinux_2_24_x86_64.manylinux_2_28_x86_64.whl", hash = "sha256:02f5972ff02c9cf615357c17ab713737cccfd0eaf69b951084a9fd43f39833d3", size = 603865, upload-time = "2025-05-09T14:53:45.738Z" },
    { url = "https://files.pythonhosted.org/packages/b5/2d/759fa59323b521c6f223276a4fc3d3719475dc9ae4c44c2fe7fc750f8de0/greenlet-3.2.2-cp312-cp312-musllinux_1_1_aarch64.whl", hash = "sha256:4fefc7aa68b34b9224490dfda2e70ccf2131368493add64b4ef2d372955c207e", size = 1119575, upload-time = "2025-05-09T15:27:04.248Z" },
    { url = "https://files.pythonhosted.org/packages/30/05/356813470060bce0e81c3df63ab8cd1967c1ff6f5189760c1a4734d405ba/greenlet-3.2.2-cp312-cp312-musllinux_1_1_x86_64.whl", hash = "sha256:a31ead8411a027c2c4759113cf2bd473690517494f3d6e4bf67064589afcd3c5", size = 1147460, upload-time = "2025-05-09T14:54:00.315Z" },
    { url = "https://files.pythonhosted.org/packages/07/f4/b2a26a309a04fb844c7406a4501331b9400e1dd7dd64d3450472fd47d2e1/greenlet-3.2.2-cp312-cp312-win_amd64.whl", hash = "sha256:b24c7844c0a0afc3ccbeb0b807adeefb7eff2b5599229ecedddcfeb0ef333bec", size = 296239, upload-time = "2025-05-09T14:57:17.633Z" },
    { url = "https://files.pythonhosted.org/packages/89/30/97b49779fff8601af20972a62cc4af0c497c1504dfbb3e93be218e093f21/greenlet-3.2.2-cp313-cp313-macosx_11_0_universal2.whl", hash = "sha256:3ab7194ee290302ca15449f601036007873028712e92ca15fc76597a0aeb4c59", size = 269150, upload-time = "2025-05-09T14:50:30.784Z" },
    { url = "https://files.pythonhosted.org/packages/21/30/877245def4220f684bc2e01df1c2e782c164e84b32e07373992f14a2d107/greenlet-3.2.2-cp313-cp313-manylinux_2_17_aarch64.manylinux2014_aarch64.whl", hash = "sha256:2dc5c43bb65ec3669452af0ab10729e8fdc17f87a1f2ad7ec65d4aaaefabf6bf", size = 637381, upload-time = "2025-05-09T15:24:12.893Z" },
    { url = "https://files.pythonhosted.org/packages/8e/16/adf937908e1f913856b5371c1d8bdaef5f58f251d714085abeea73ecc471/greenlet-3.2.2-cp313-cp313-manylinux_2_17_ppc64le.manylinux2014_ppc64le.whl", hash = "sha256:decb0658ec19e5c1f519faa9a160c0fc85a41a7e6654b3ce1b44b939f8bf1325", size = 651427, upload-time = "2025-05-09T15:24:51.074Z" },
    { url = "https://files.pythonhosted.org/packages/ad/49/6d79f58fa695b618654adac64e56aff2eeb13344dc28259af8f505662bb1/greenlet-3.2.2-cp313-cp313-manylinux_2_17_s390x.manylinux2014_s390x.whl", hash = "sha256:6fadd183186db360b61cb34e81117a096bff91c072929cd1b529eb20dd46e6c5", size = 645795, upload-time = "2025-05-09T15:29:26.673Z" },
    { url = "https://files.pythonhosted.org/packages/5a/e6/28ed5cb929c6b2f001e96b1d0698c622976cd8f1e41fe7ebc047fa7c6dd4/greenlet-3.2.2-cp313-cp313-manylinux_2_17_x86_64.manylinux2014_x86_64.whl", hash = "sha256:1919cbdc1c53ef739c94cf2985056bcc0838c1f217b57647cbf4578576c63825", size = 648398, upload-time = "2025-05-09T14:53:36.61Z" },
    { url = "https://files.pythonhosted.org/packages/9d/70/b200194e25ae86bc57077f695b6cc47ee3118becf54130c5514456cf8dac/greenlet-3.2.2-cp313-cp313-manylinux_2_24_x86_64.manylinux_2_28_x86_64.whl", hash = "sha256:3885f85b61798f4192d544aac7b25a04ece5fe2704670b4ab73c2d2c14ab740d", size = 606795, upload-time = "2025-05-09T14:53:47.039Z" },
    { url = "https://files.pythonhosted.org/packages/f8/c8/ba1def67513a941154ed8f9477ae6e5a03f645be6b507d3930f72ed508d3/greenlet-3.2.2-cp313-cp313-musllinux_1_1_aarch64.whl", hash = "sha256:85f3e248507125bf4af607a26fd6cb8578776197bd4b66e35229cdf5acf1dfbf", size = 1117976, upload-time = "2025-05-09T15:27:06.542Z" },
    { url = "https://files.pythonhosted.org/packages/c3/30/d0e88c1cfcc1b3331d63c2b54a0a3a4a950ef202fb8b92e772ca714a9221/greenlet-3.2.2-cp313-cp313-musllinux_1_1_x86_64.whl", hash = "sha256:1e76106b6fc55fa3d6fe1c527f95ee65e324a13b62e243f77b48317346559708", size = 1145509, upload-time = "2025-05-09T14:54:02.223Z" },
    { url = "https://files.pythonhosted.org/packages/90/2e/59d6491834b6e289051b252cf4776d16da51c7c6ca6a87ff97e3a50aa0cd/greenlet-3.2.2-cp313-cp313-win_amd64.whl", hash = "sha256:fe46d4f8e94e637634d54477b0cfabcf93c53f29eedcbdeecaf2af32029b4421", size = 296023, upload-time = "2025-05-09T14:53:24.157Z" },
    { url = "https://files.pythonhosted.org/packages/65/66/8a73aace5a5335a1cba56d0da71b7bd93e450f17d372c5b7c5fa547557e9/greenlet-3.2.2-cp313-cp313t-manylinux_2_17_aarch64.manylinux2014_aarch64.whl", hash = "sha256:ba30e88607fb6990544d84caf3c706c4b48f629e18853fc6a646f82db9629418", size = 629911, upload-time = "2025-05-09T15:24:22.376Z" },
    { url = "https://files.pythonhosted.org/packages/48/08/c8b8ebac4e0c95dcc68ec99198842e7db53eda4ab3fb0a4e785690883991/greenlet-3.2.2-cp313-cp313t-manylinux_2_17_ppc64le.manylinux2014_ppc64le.whl", hash = "sha256:055916fafad3e3388d27dd68517478933a97edc2fc54ae79d3bec827de2c64c4", size = 635251, upload-time = "2025-05-09T15:24:52.205Z" },
    { url = "https://files.pythonhosted.org/packages/37/26/7db30868f73e86b9125264d2959acabea132b444b88185ba5c462cb8e571/greenlet-3.2.2-cp313-cp313t-manylinux_2_17_s390x.manylinux2014_s390x.whl", hash = "sha256:2593283bf81ca37d27d110956b79e8723f9aa50c4bcdc29d3c0543d4743d2763", size = 632620, upload-time = "2025-05-09T15:29:28.051Z" },
    { url = "https://files.pythonhosted.org/packages/10/ec/718a3bd56249e729016b0b69bee4adea0dfccf6ca43d147ef3b21edbca16/greenlet-3.2.2-cp313-cp313t-manylinux_2_17_x86_64.manylinux2014_x86_64.whl", hash = "sha256:89c69e9a10670eb7a66b8cef6354c24671ba241f46152dd3eed447f79c29fb5b", size = 628851, upload-time = "2025-05-09T14:53:38.472Z" },
    { url = "https://files.pythonhosted.org/packages/9b/9d/d1c79286a76bc62ccdc1387291464af16a4204ea717f24e77b0acd623b99/greenlet-3.2.2-cp313-cp313t-manylinux_2_24_x86_64.manylinux_2_28_x86_64.whl", hash = "sha256:02a98600899ca1ca5d3a2590974c9e3ec259503b2d6ba6527605fcd74e08e207", size = 593718, upload-time = "2025-05-09T14:53:48.313Z" },
    { url = "https://files.pythonhosted.org/packages/cd/41/96ba2bf948f67b245784cd294b84e3d17933597dffd3acdb367a210d1949/greenlet-3.2.2-cp313-cp313t-musllinux_1_1_aarch64.whl", hash = "sha256:b50a8c5c162469c3209e5ec92ee4f95c8231b11db6a04db09bbe338176723bb8", size = 1105752, upload-time = "2025-05-09T15:27:08.217Z" },
    { url = "https://files.pythonhosted.org/packages/68/3b/3b97f9d33c1f2eb081759da62bd6162159db260f602f048bc2f36b4c453e/greenlet-3.2.2-cp313-cp313t-musllinux_1_1_x86_64.whl", hash = "sha256:45f9f4853fb4cc46783085261c9ec4706628f3b57de3e68bae03e8f8b3c0de51", size = 1125170, upload-time = "2025-05-09T14:54:04.082Z" },
    { url = "https://files.pythonhosted.org/packages/31/df/b7d17d66c8d0f578d2885a3d8f565e9e4725eacc9d3fdc946d0031c055c4/greenlet-3.2.2-cp314-cp314-macosx_11_0_universal2.whl", hash = "sha256:9ea5231428af34226c05f927e16fc7f6fa5e39e3ad3cd24ffa48ba53a47f4240", size = 269899, upload-time = "2025-05-09T14:54:01.581Z" },
]

[[package]]
name = "msgpack"
version = "1.1.0"
source = { registry = "https://pypi.org/simple" }
sdist = { url = "https://files.pythonhosted.org/packages/cb/d0/7555686ae7ff5731205df1012ede15dd9d927f6227ea151e901c7406af4f/msgpack-1.1.0.tar.gz", hash = "sha256:dd432ccc2c72b914e4cb77afce64aab761c1137cc698be3984eee260bcb2896e", size = 167260, upload-time = "2024-09-10T04:25:52.197Z" }
wheels = [
    { url = "https://files.pythonhosted.org/packages/e1/d6/716b7ca1dbde63290d2973d22bbef1b5032ca634c3ff4384a958ec3f093a/msgpack-1.1.0-cp312-cp312-macosx_10_9_universal2.whl", hash = "sha256:d46cf9e3705ea9485687aa4001a76e44748b609d260af21c4ceea7f2212a501d", size = 152421, upload-time = "2024-09-10T04:25:49.63Z" },
    { url = "https://files.pythonhosted.org/packages/70/da/5312b067f6773429cec2f8f08b021c06af416bba340c912c2ec778539ed6/msgpack-1.1.0-cp312-cp312-macosx_10_9_x86_64.whl", hash = "sha256:5dbad74103df937e1325cc4bfeaf57713be0b4f15e1c2da43ccdd836393e2ea2", size = 85277, upload-time = "2024-09-10T04:24:48.562Z" },
    { url = "https://files.pythonhosted.org/packages/28/51/da7f3ae4462e8bb98af0d5bdf2707f1b8c65a0d4f496e46b6afb06cbc286/msgpack-1.1.0-cp312-cp312-macosx_11_0_arm64.whl", hash = "sha256:58dfc47f8b102da61e8949708b3eafc3504509a5728f8b4ddef84bd9e16ad420", size = 82222, upload-time = "2024-09-10T04:25:36.49Z" },
    { url = "https://files.pythonhosted.org/packages/33/af/dc95c4b2a49cff17ce47611ca9ba218198806cad7796c0b01d1e332c86bb/msgpack-1.1.0-cp312-cp312-manylinux_2_17_aarch64.manylinux2014_aarch64.whl", hash = "sha256:4676e5be1b472909b2ee6356ff425ebedf5142427842aa06b4dfd5117d1ca8a2", size = 392971, upload-time = "2024-09-10T04:24:58.129Z" },
    { url = "https://files.pythonhosted.org/packages/f1/54/65af8de681fa8255402c80eda2a501ba467921d5a7a028c9c22a2c2eedb5/msgpack-1.1.0-cp312-cp312-manylinux_2_17_x86_64.manylinux2014_x86_64.whl", hash = "sha256:17fb65dd0bec285907f68b15734a993ad3fc94332b5bb21b0435846228de1f39", size = 401403, upload-time = "2024-09-10T04:25:40.428Z" },
    { url = "https://files.pythonhosted.org/packages/97/8c/e333690777bd33919ab7024269dc3c41c76ef5137b211d776fbb404bfead/msgpack-1.1.0-cp312-cp312-manylinux_2_5_i686.manylinux1_i686.manylinux_2_17_i686.manylinux2014_i686.whl", hash = "sha256:a51abd48c6d8ac89e0cfd4fe177c61481aca2d5e7ba42044fd218cfd8ea9899f", size = 385356, upload-time = "2024-09-10T04:25:31.406Z" },
    { url = "https://files.pythonhosted.org/packages/57/52/406795ba478dc1c890559dd4e89280fa86506608a28ccf3a72fbf45df9f5/msgpack-1.1.0-cp312-cp312-musllinux_1_2_aarch64.whl", hash = "sha256:2137773500afa5494a61b1208619e3871f75f27b03bcfca7b3a7023284140247", size = 383028, upload-time = "2024-09-10T04:25:17.08Z" },
    { url = "https://files.pythonhosted.org/packages/e7/69/053b6549bf90a3acadcd8232eae03e2fefc87f066a5b9fbb37e2e608859f/msgpack-1.1.0-cp312-cp312-musllinux_1_2_i686.whl", hash = "sha256:398b713459fea610861c8a7b62a6fec1882759f308ae0795b5413ff6a160cf3c", size = 391100, upload-time = "2024-09-10T04:25:08.993Z" },
    { url = "https://files.pythonhosted.org/packages/23/f0/d4101d4da054f04274995ddc4086c2715d9b93111eb9ed49686c0f7ccc8a/msgpack-1.1.0-cp312-cp312-musllinux_1_2_x86_64.whl", hash = "sha256:06f5fd2f6bb2a7914922d935d3b8bb4a7fff3a9a91cfce6d06c13bc42bec975b", size = 394254, upload-time = "2024-09-10T04:25:06.048Z" },
    { url = "https://files.pythonhosted.org/packages/1c/12/cf07458f35d0d775ff3a2dc5559fa2e1fcd06c46f1ef510e594ebefdca01/msgpack-1.1.0-cp312-cp312-win32.whl", hash = "sha256:ad33e8400e4ec17ba782f7b9cf868977d867ed784a1f5f2ab46e7ba53b6e1e1b", size = 69085, upload-time = "2024-09-10T04:25:01.494Z" },
    { url = "https://files.pythonhosted.org/packages/73/80/2708a4641f7d553a63bc934a3eb7214806b5b39d200133ca7f7afb0a53e8/msgpack-1.1.0-cp312-cp312-win_amd64.whl", hash = "sha256:115a7af8ee9e8cddc10f87636767857e7e3717b7a2e97379dc2054712693e90f", size = 75347, upload-time = "2024-09-10T04:25:33.106Z" },
    { url = "https://files.pythonhosted.org/packages/c8/b0/380f5f639543a4ac413e969109978feb1f3c66e931068f91ab6ab0f8be00/msgpack-1.1.0-cp313-cp313-macosx_10_13_universal2.whl", hash = "sha256:071603e2f0771c45ad9bc65719291c568d4edf120b44eb36324dcb02a13bfddf", size = 151142, upload-time = "2024-09-10T04:24:59.656Z" },
    { url = "https://files.pythonhosted.org/packages/c8/ee/be57e9702400a6cb2606883d55b05784fada898dfc7fd12608ab1fdb054e/msgpack-1.1.0-cp313-cp313-macosx_10_13_x86_64.whl", hash = "sha256:0f92a83b84e7c0749e3f12821949d79485971f087604178026085f60ce109330", size = 84523, upload-time = "2024-09-10T04:25:37.924Z" },
    { url = "https://files.pythonhosted.org/packages/7e/3a/2919f63acca3c119565449681ad08a2f84b2171ddfcff1dba6959db2cceb/msgpack-1.1.0-cp313-cp313-macosx_11_0_arm64.whl", hash = "sha256:4a1964df7b81285d00a84da4e70cb1383f2e665e0f1f2a7027e683956d04b734", size = 81556, upload-time = "2024-09-10T04:24:28.296Z" },
    { url = "https://files.pythonhosted.org/packages/7c/43/a11113d9e5c1498c145a8925768ea2d5fce7cbab15c99cda655aa09947ed/msgpack-1.1.0-cp313-cp313-manylinux_2_17_aarch64.manylinux2014_aarch64.whl", hash = "sha256:59caf6a4ed0d164055ccff8fe31eddc0ebc07cf7326a2aaa0dbf7a4001cd823e", size = 392105, upload-time = "2024-09-10T04:25:20.153Z" },
    { url = "https://files.pythonhosted.org/packages/2d/7b/2c1d74ca6c94f70a1add74a8393a0138172207dc5de6fc6269483519d048/msgpack-1.1.0-cp313-cp313-manylinux_2_17_x86_64.manylinux2014_x86_64.whl", hash = "sha256:0907e1a7119b337971a689153665764adc34e89175f9a34793307d9def08e6ca", size = 399979, upload-time = "2024-09-10T04:25:41.75Z" },
    { url = "https://files.pythonhosted.org/packages/82/8c/cf64ae518c7b8efc763ca1f1348a96f0e37150061e777a8ea5430b413a74/msgpack-1.1.0-cp313-cp313-manylinux_2_5_i686.manylinux1_i686.manylinux_2_17_i686.manylinux2014_i686.whl", hash = "sha256:65553c9b6da8166e819a6aa90ad15288599b340f91d18f60b2061f402b9a4915", size = 383816, upload-time = "2024-09-10T04:24:45.826Z" },
    { url = "https://files.pythonhosted.org/packages/69/86/a847ef7a0f5ef3fa94ae20f52a4cacf596a4e4a010197fbcc27744eb9a83/msgpack-1.1.0-cp313-cp313-musllinux_1_2_aarch64.whl", hash = "sha256:7a946a8992941fea80ed4beae6bff74ffd7ee129a90b4dd5cf9c476a30e9708d", size = 380973, upload-time = "2024-09-10T04:25:04.689Z" },
    { url = "https://files.pythonhosted.org/packages/aa/90/c74cf6e1126faa93185d3b830ee97246ecc4fe12cf9d2d31318ee4246994/msgpack-1.1.0-cp313-cp313-musllinux_1_2_i686.whl", hash = "sha256:4b51405e36e075193bc051315dbf29168d6141ae2500ba8cd80a522964e31434", size = 387435, upload-time = "2024-09-10T04:24:17.879Z" },
    { url = "https://files.pythonhosted.org/packages/7a/40/631c238f1f338eb09f4acb0f34ab5862c4e9d7eda11c1b685471a4c5ea37/msgpack-1.1.0-cp313-cp313-musllinux_1_2_x86_64.whl", hash = "sha256:b4c01941fd2ff87c2a934ee6055bda4ed353a7846b8d4f341c428109e9fcde8c", size = 399082, upload-time = "2024-09-10T04:25:18.398Z" },
    { url = "https://files.pythonhosted.org/packages/e9/1b/fa8a952be252a1555ed39f97c06778e3aeb9123aa4cccc0fd2acd0b4e315/msgpack-1.1.0-cp313-cp313-win32.whl", hash = "sha256:7c9a35ce2c2573bada929e0b7b3576de647b0defbd25f5139dcdaba0ae35a4cc", size = 69037, upload-time = "2024-09-10T04:24:52.798Z" },
    { url = "https://files.pythonhosted.org/packages/b6/bc/8bd826dd03e022153bfa1766dcdec4976d6c818865ed54223d71f07862b3/msgpack-1.1.0-cp313-cp313-win_amd64.whl", hash = "sha256:bce7d9e614a04d0883af0b3d4d501171fbfca038f12c77fa838d9f198147a23f", size = 75140, upload-time = "2024-09-10T04:24:31.288Z" },
]

[[package]]
name = "pynvim"
version = "0.5.2"
source = { registry = "https://pypi.org/simple" }
dependencies = [
    { name = "greenlet", marker = "platform_python_implementation != 'PyPy'" },
    { name = "msgpack" },
]
sdist = { url = "https://files.pythonhosted.org/packages/09/84/c77ec45e084907e128710e08f5d7926723d7a67ccbebf27089309118807d/pynvim-0.5.2.tar.gz", hash = "sha256:734a2432db8683519f58572617528ecb4a2f321bc7b27f034b3f9b2322c15615", size = 50053, upload-time = "2024-11-13T03:07:08.734Z" }
wheels = [
    { url = "https://files.pythonhosted.org/packages/d2/11/70758ae8d5869241fe5f6ae2083a9af908f037d07e847bec53de0f96c51b/pynvim-0.5.2-py3-none-any.whl", hash = "sha256:20b1c5a18c4cddfc480950094d4135f782b1a98c32149ea63e24bbdb7021eb54", size = 46175, upload-time = "2024-11-13T03:07:07.64Z" },
]

[[package]]
name = "pynvim-venv"
version = "0.1.0"
source = { virtual = "." }
dependencies = [
    { name = "pynvim" },
]

[package.metadata]
requires-dist = [{ name = "pynvim", specifier = ">=0.5.2" }]
